
Microsoft Visual Studio Solution File, Format Version 12.00
# Visual Studio Version 17
VisualStudioVersion = 17.8.34330.188
MinimumVisualStudioVersion = 10.0.40219.1
Project("{2150E333-8FDC-42A3-9474-1A3956D46DE8}") = "Services", "Services", "{C720EB87-2756-49E5-803A-356C6F937401}"
EndProject
Project("{2150E333-8FDC-42A3-9474-1A3956D46DE8}") = "Catalog", "Catalog", "{CE4343BA-6870-4DE7-9A23-AF57134C84E5}"
EndProject
Project("{9A19103F-16F7-4668-BE54-9A1E7A4F7556}") = "Catalog.API", "Services\Catalog\Catalog.API\Catalog.API.csproj", "{9DEE001A-6A66-44B0-9E36-88F24E91B354}"
EndProject
Project("{2150E333-8FDC-42A3-9474-1A3956D46DE8}") = "BuildingBlocks", "BuildingBlocks", "{010FA952-35C1-48B2-9B00-12426E64640B}"
EndProject
Project("{9A19103F-16F7-4668-BE54-9A1E7A4F7556}") = "BuildingBlocks", "BuildingBlocks\BuildingBlocks\BuildingBlocks.csproj", "{5C6D30E4-97EB-41DA-8A14-B289D4E74872}"
EndProject
Project("{E53339B2-1760-4266-BCC7-CA923CBCF16C}") = "docker-compose", "docker-compose.dcproj", "{6FB48C10-95CA-46F2-8B19-EE3C6B68B171}"
EndProject
Global
	GlobalSection(SolutionConfigurationPlatforms) = preSolution
		Debug|Any CPU = Debug|Any CPU
		Release|Any CPU = Release|Any CPU
	EndGlobalSection
	GlobalSection(ProjectConfigurationPlatforms) = postSolution
		{9DEE001A-6A66-44B0-9E36-88F24E91B354}.Debug|Any CPU.ActiveCfg = Debug|Any CPU
		{9DEE001A-6A66-44B0-9E36-88F24E91B354}.Debug|Any CPU.Build.0 = Debug|Any CPU
		{9DEE001A-6A66-44B0-9E36-88F24E91B354}.Release|Any CPU.ActiveCfg = Release|Any CPU
		{9DEE001A-6A66-44B0-9E36-88F24E91B354}.Release|Any CPU.Build.0 = Release|Any CPU
		{5C6D30E4-97EB-41DA-8A14-B289D4E74872}.Debug|Any CPU.ActiveCfg = Debug|Any CPU
		{5C6D30E4-97EB-41DA-8A14-B289D4E74872}.Debug|Any CPU.Build.0 = Debug|Any CPU
		{5C6D30E4-97EB-41DA-8A14-B289D4E74872}.Release|Any CPU.ActiveCfg = Release|Any CPU
		{5C6D30E4-97EB-41DA-8A14-B289D4E74872}.Release|Any CPU.Build.0 = Release|Any CPU
		{6FB48C10-95CA-46F2-8B19-EE3C6B68B171}.Debug|Any CPU.ActiveCfg = Debug|Any CPU
		{6FB48C10-95CA-46F2-8B19-EE3C6B68B171}.Debug|Any CPU.Build.0 = Debug|Any CPU
		{6FB48C10-95CA-46F2-8B19-EE3C6B68B171}.Release|Any CPU.ActiveCfg = Release|Any CPU
		{6FB48C10-95CA-46F2-8B19-EE3C6B68B171}.Release|Any CPU.Build.0 = Release|Any CPU
	EndGlobalSection
	GlobalSection(SolutionProperties) = preSolution
		HideSolutionNode = FALSE
	EndGlobalSection
	GlobalSection(NestedProjects) = preSolution
		{CE4343BA-6870-4DE7-9A23-AF57134C84E5} = {C720EB87-2756-49E5-803A-356C6F937401}
		{9DEE001A-6A66-44B0-9E36-88F24E91B354} = {CE4343BA-6870-4DE7-9A23-AF57134C84E5}
		{5C6D30E4-97EB-41DA-8A14-B289D4E74872} = {010FA952-35C1-48B2-9B00-12426E64640B}
	EndGlobalSection
	GlobalSection(ExtensibilityGlobals) = postSolution
		SolutionGuid = {903AC3F8-80C1-4D8F-BBFC-C3CCA271F344}
	EndGlobalSection
EndGlobal
